
Microsoft Visual Studio Solution File, Format Version 12.00
# Visual Studio 15
VisualStudioVersion = 15.0.28307.271
MinimumVisualStudioVersion = 10.0.40219.1
Project("{FAE04EC0-301F-11D3-BF4B-00C04F79EFBC}") = "TSQL_Depends", "TSQL_Depends\TSQL_Depends.csproj", "{BF3EDC94-E028-4A74-9B78-8A422302201C}"
EndProject
Project("{9A19103F-16F7-4668-BE54-9A1E7A4F7556}") = "TSQL_Depends_NetStandard", "TSQL_Depends\TSQL_Depends_NetStandard.csproj", "{326F8F78-28F4-4820-986D-3EEE86986C67}"
EndProject
Project("{FAE04EC0-301F-11D3-BF4B-00C04F79EFBC}") = "Tests", "Tests\Tests.csproj", "{781C92EA-3BC4-4421-9A3C-66EC1516C7A9}"
EndProject
Global
	GlobalSection(SolutionConfigurationPlatforms) = preSolution
		Debug|Any CPU = Debug|Any CPU
		Release|Any CPU = Release|Any CPU
	EndGlobalSection
	GlobalSection(ProjectConfigurationPlatforms) = postSolution
		{BF3EDC94-E028-4A74-9B78-8A422302201C}.Debug|Any CPU.ActiveCfg = Debug|Any CPU
		{BF3EDC94-E028-4A74-9B78-8A422302201C}.Debug|Any CPU.Build.0 = Debug|Any CPU
		{BF3EDC94-E028-4A74-9B78-8A422302201C}.Release|Any CPU.ActiveCfg = Release|Any CPU
		{BF3EDC94-E028-4A74-9B78-8A422302201C}.Release|Any CPU.Build.0 = Release|Any CPU
		{326F8F78-28F4-4820-986D-3EEE86986C67}.Debug|Any CPU.ActiveCfg = Debug|Any CPU
		{326F8F78-28F4-4820-986D-3EEE86986C67}.Debug|Any CPU.Build.0 = Debug|Any CPU
		{326F8F78-28F4-4820-986D-3EEE86986C67}.Release|Any CPU.ActiveCfg = Release|Any CPU
		{326F8F78-28F4-4820-986D-3EEE86986C67}.Release|Any CPU.Build.0 = Release|Any CPU
		{781C92EA-3BC4-4421-9A3C-66EC1516C7A9}.Debug|Any CPU.ActiveCfg = Debug|Any CPU
		{781C92EA-3BC4-4421-9A3C-66EC1516C7A9}.Debug|Any CPU.Build.0 = Debug|Any CPU
		{781C92EA-3BC4-4421-9A3C-66EC1516C7A9}.Release|Any CPU.ActiveCfg = Release|Any CPU
		{781C92EA-3BC4-4421-9A3C-66EC1516C7A9}.Release|Any CPU.Build.0 = Release|Any CPU
	EndGlobalSection
	GlobalSection(SolutionProperties) = preSolution
		HideSolutionNode = FALSE
	EndGlobalSection
	GlobalSection(ExtensibilityGlobals) = postSolution
		SolutionGuid = {FF5C7D39-EC64-41FA-88F4-4427A137F280}
	EndGlobalSection
EndGlobal
